
Microsoft Visual Studio Solution File, Format Version 12.00
# Visual Studio Version 16
VisualStudioVersion = 16.0.31025.194
MinimumVisualStudioVersion = 10.0.40219.1
Project("{FAE04EC0-301F-11D3-BF4B-00C04F79EFBC}") = "JokesWebApp", "JokesWebApp\JokesWebApp.csproj", "{38FE6F29-9A18-496D-AADE-9F05E0CBF03E}"
EndProject
Global
	GlobalSection(SolutionConfigurationPlatforms) = preSolution
		Debug|Any CPU = Debug|Any CPU
		Release|Any CPU = Release|Any CPU
	EndGlobalSection
	GlobalSection(ProjectConfigurationPlatforms) = postSolution
		{38FE6F29-9A18-496D-AADE-9F05E0CBF03E}.Debug|Any CPU.ActiveCfg = Debug|Any CPU
		{38FE6F29-9A18-496D-AADE-9F05E0CBF03E}.Debug|Any CPU.Build.0 = Debug|Any CPU
		{38FE6F29-9A18-496D-AADE-9F05E0CBF03E}.Release|Any CPU.ActiveCfg = Release|Any CPU
		{38FE6F29-9A18-496D-AADE-9F05E0CBF03E}.Release|Any CPU.Build.0 = Release|Any CPU
	EndGlobalSection
	GlobalSection(SolutionProperties) = preSolution
		HideSolutionNode = FALSE
	EndGlobalSection
	GlobalSection(ExtensibilityGlobals) = postSolution
		SolutionGuid = {AB599FB9-7115-4DF7-84E2-EB64500407DB}
	EndGlobalSection
EndGlobal
